// !$*UTF8*$!
{
	archiveVersion = 1;
	classes = {
	};
	objectVersion = 48;
	objects = {

/* Begin PBXBuildFile section */
		4A4E829DAD53FAE307C6C3FD /* Pods_Todoey.framework in Frameworks */ = {isa = PBXBuildFile; fileRef = B20CDE34ED9982651E4AF24A /* Pods_Todoey.framework */; };
		DD71DCFE202FB1F300CEA2AF /* AppDelegate.swift in Sources */ = {isa = PBXBuildFile; fileRef = DD71DCFD202FB1F300CEA2AF /* AppDelegate.swift */; };
		DD71DD00202FB1F300CEA2AF /* TodoListViewController.swift in Sources */ = {isa = PBXBuildFile; fileRef = DD71DCFF202FB1F300CEA2AF /* TodoListViewController.swift */; };
		DD71DD03202FB1F300CEA2AF /* Main.storyboard in Resources */ = {isa = PBXBuildFile; fileRef = DD71DD01202FB1F300CEA2AF /* Main.storyboard */; };
		DD71DD05202FB1F300CEA2AF /* Assets.xcassets in Resources */ = {isa = PBXBuildFile; fileRef = DD71DD04202FB1F300CEA2AF /* Assets.xcassets */; };
		DD71DD08202FB1F300CEA2AF /* LaunchScreen.storyboard in Resources */ = {isa = PBXBuildFile; fileRef = DD71DD06202FB1F300CEA2AF /* LaunchScreen.storyboard */; };
		DD95414B2040735B001F3874 /* CategoryViewController.swift in Sources */ = {isa = PBXBuildFile; fileRef = DD95414A2040735B001F3874 /* CategoryViewController.swift */; };
		DDBDB7F220444D6D00D0496A /* Item.swift in Sources */ = {isa = PBXBuildFile; fileRef = DDBDB7F120444D6D00D0496A /* Item.swift */; };
		DDBDB7F420444D7700D0496A /* Category.swift in Sources */ = {isa = PBXBuildFile; fileRef = DDBDB7F320444D7700D0496A /* Category.swift */; };
		DDBDB7F82046ECDA00D0496A /* SwipeTableViewController.swift in Sources */ = {isa = PBXBuildFile; fileRef = DDBDB7F72046ECDA00D0496A /* SwipeTableViewController.swift */; };
/* End PBXBuildFile section */

/* Begin PBXFileReference section */
		08C9F03B549C6F52D2EF8E4E /* Pods-Todoey.release.xcconfig */ = {isa = PBXFileReference; includeInIndex = 1; lastKnownFileType = text.xcconfig; name = "Pods-Todoey.release.xcconfig"; path = "Pods/Target Support Files/Pods-Todoey/Pods-Todoey.release.xcconfig"; sourceTree = "<group>"; };
		4B1343A1321F45E3E59B256B /* Pods-Todoey.debug.xcconfig */ = {isa = PBXFileReference; includeInIndex = 1; lastKnownFileType = text.xcconfig; name = "Pods-Todoey.debug.xcconfig"; path = "Pods/Target Support Files/Pods-Todoey/Pods-Todoey.debug.xcconfig"; sourceTree = "<group>"; };
		B20CDE34ED9982651E4AF24A /* Pods_Todoey.framework */ = {isa = PBXFileReference; explicitFileType = wrapper.framework; includeInIndex = 0; path = Pods_Todoey.framework; sourceTree = BUILT_PRODUCTS_DIR; };
		DD71DCFA202FB1F300CEA2AF /* Todoey.app */ = {isa = PBXFileReference; explicitFileType = wrapper.application; includeInIndex = 0; path = Todoey.app; sourceTree = BUILT_PRODUCTS_DIR; };
		DD71DCFD202FB1F300CEA2AF /* AppDelegate.swift */ = {isa = PBXFileReference; lastKnownFileType = sourcecode.swift; path = AppDelegate.swift; sourceTree = "<group>"; };
		DD71DCFF202FB1F300CEA2AF /* TodoListViewController.swift */ = {isa = PBXFileReference; lastKnownFileType = sourcecode.swift; path = TodoListViewController.swift; sourceTree = "<group>"; };
		DD71DD02202FB1F300CEA2AF /* Base */ = {isa = PBXFileReference; lastKnownFileType = file.storyboard; name = Base; path = Base.lproj/Main.storyboard; sourceTree = "<group>"; };
		DD71DD04202FB1F300CEA2AF /* Assets.xcassets */ = {isa = PBXFileReference; lastKnownFileType = folder.assetcatalog; path = Assets.xcassets; sourceTree = "<group>"; };
		DD71DD07202FB1F300CEA2AF /* Base */ = {isa = PBXFileReference; lastKnownFileType = file.storyboard; name = Base; path = Base.lproj/LaunchScreen.storyboard; sourceTree = "<group>"; };
		DD95414A2040735B001F3874 /* CategoryViewController.swift */ = {isa = PBXFileReference; lastKnownFileType = sourcecode.swift; name = CategoryViewController.swift; path = Todoey/Controllers/CategoryViewController.swift; sourceTree = SOURCE_ROOT; };
		DDBDB7F120444D6D00D0496A /* Item.swift */ = {isa = PBXFileReference; lastKnownFileType = sourcecode.swift; path = Item.swift; sourceTree = "<group>"; };
		DDBDB7F320444D7700D0496A /* Category.swift */ = {isa = PBXFileReference; lastKnownFileType = sourcecode.swift; path = Category.swift; sourceTree = "<group>"; };
		DDBDB7F5204472F100D0496A /* Info.plist */ = {isa = PBXFileReference; lastKnownFileType = text.plist.xml; path = Info.plist; sourceTree = "<group>"; };
		DDBDB7F72046ECDA00D0496A /* SwipeTableViewController.swift */ = {isa = PBXFileReference; lastKnownFileType = sourcecode.swift; path = SwipeTableViewController.swift; sourceTree = "<group>"; };
/* End PBXFileReference section */

/* Begin PBXFrameworksBuildPhase section */
		DD71DCF7202FB1F300CEA2AF /* Frameworks */ = {
			isa = PBXFrameworksBuildPhase;
			buildActionMask = 2147483647;
			files = (
				4A4E829DAD53FAE307C6C3FD /* Pods_Todoey.framework in Frameworks */,
			);
			runOnlyForDeploymentPostprocessing = 0;
		};
/* End PBXFrameworksBuildPhase section */

/* Begin PBXGroup section */
		6033724AC4741CF066D81389 /* Pods */ = {
			isa = PBXGroup;
			children = (
				4B1343A1321F45E3E59B256B /* Pods-Todoey.debug.xcconfig */,
				08C9F03B549C6F52D2EF8E4E /* Pods-Todoey.release.xcconfig */,
			);
			name = Pods;
			sourceTree = "<group>";
		};
		B1E9050020849E76CD9C7816 /* Frameworks */ = {
			isa = PBXGroup;
			children = (
				B20CDE34ED9982651E4AF24A /* Pods_Todoey.framework */,
			);
			name = Frameworks;
			sourceTree = "<group>";
		};
		DD6A0917203B5CF400E2D2E1 /* Data Model */ = {
			isa = PBXGroup;
			children = (
				DDBDB7F320444D7700D0496A /* Category.swift */,
				DDBDB7F120444D6D00D0496A /* Item.swift */,
			);
			path = "Data Model";
			sourceTree = "<group>";
		};
		DD6A0918203B5D0300E2D2E1 /* Controllers */ = {
			isa = PBXGroup;
			children = (
				DD95414A2040735B001F3874 /* CategoryViewController.swift */,
				DD71DCFF202FB1F300CEA2AF /* TodoListViewController.swift */,
				DDBDB7F72046ECDA00D0496A /* SwipeTableViewController.swift */,
			);
			path = Controllers;
			sourceTree = "<group>";
		};
		DD6A0919203B5D1B00E2D2E1 /* Views */ = {
			isa = PBXGroup;
			children = (
				DD71DD01202FB1F300CEA2AF /* Main.storyboard */,
			);
			path = Views;
			sourceTree = "<group>";
		};
		DD6A091A203B5D6200E2D2E1 /* Supporting Files */ = {
			isa = PBXGroup;
			children = (
				DD71DD04202FB1F300CEA2AF /* Assets.xcassets */,
				DD71DD06202FB1F300CEA2AF /* LaunchScreen.storyboard */,
			);
			path = "Supporting Files";
			sourceTree = "<group>";
		};
		DD71DCF1202FB1F300CEA2AF = {
			isa = PBXGroup;
			children = (
				DD71DCFC202FB1F300CEA2AF /* Todoey */,
				DD71DCFB202FB1F300CEA2AF /* Products */,
				6033724AC4741CF066D81389 /* Pods */,
				B1E9050020849E76CD9C7816 /* Frameworks */,
			);
			sourceTree = "<group>";
		};
		DD71DCFB202FB1F300CEA2AF /* Products */ = {
			isa = PBXGroup;
			children = (
				DD71DCFA202FB1F300CEA2AF /* Todoey.app */,
			);
			name = Products;
			sourceTree = "<group>";
		};
		DD71DCFC202FB1F300CEA2AF /* Todoey */ = {
			isa = PBXGroup;
			children = (
				DD71DCFD202FB1F300CEA2AF /* AppDelegate.swift */,
				DD6A0919203B5D1B00E2D2E1 /* Views */,
				DD6A0918203B5D0300E2D2E1 /* Controllers */,
				DD6A0917203B5CF400E2D2E1 /* Data Model */,
				DD6A091A203B5D6200E2D2E1 /* Supporting Files */,
				DDBDB7F5204472F100D0496A /* Info.plist */,
			);
			path = Todoey;
			sourceTree = "<group>";
		};
/* End PBXGroup section */

/* Begin PBXNativeTarget section */
		DD71DCF9202FB1F300CEA2AF /* Todoey */ = {
			isa = PBXNativeTarget;
			buildConfigurationList = DD71DD0C202FB1F300CEA2AF /* Build configuration list for PBXNativeTarget "Todoey" */;
			buildPhases = (
				CAF4C2EA3BBF76E53AF397D6 /* [CP] Check Pods Manifest.lock */,
				DD71DCF6202FB1F300CEA2AF /* Sources */,
				DD71DCF7202FB1F300CEA2AF /* Frameworks */,
				DD71DCF8202FB1F300CEA2AF /* Resources */,
				DC4B6403F2762EA09763FBB9 /* [CP] Embed Pods Frameworks */,
				5083B65978B70A8940CE4F56 /* [CP] Copy Pods Resources */,
			);
			buildRules = (
			);
			dependencies = (
			);
			name = Todoey;
			productName = Todoey;
			productReference = DD71DCFA202FB1F300CEA2AF /* Todoey.app */;
			productType = "com.apple.product-type.application";
		};
/* End PBXNativeTarget section */

/* Begin PBXProject section */
		DD71DCF2202FB1F300CEA2AF /* Project object */ = {
			isa = PBXProject;
			attributes = {
				LastSwiftUpdateCheck = 0920;
				LastUpgradeCheck = 0920;
				ORGANIZATIONNAME = "Virak Ngauv";
				TargetAttributes = {
					DD71DCF9202FB1F300CEA2AF = {
						CreatedOnToolsVersion = 9.2;
						ProvisioningStyle = Automatic;
					};
				};
			};
			buildConfigurationList = DD71DCF5202FB1F300CEA2AF /* Build configuration list for PBXProject "Todoey" */;
			compatibilityVersion = "Xcode 8.0";
			developmentRegion = en;
			hasScannedForEncodings = 0;
			knownRegions = (
				en,
				Base,
			);
			mainGroup = DD71DCF1202FB1F300CEA2AF;
			productRefGroup = DD71DCFB202FB1F300CEA2AF /* Products */;
			projectDirPath = "";
			projectRoot = "";
			targets = (
				DD71DCF9202FB1F300CEA2AF /* Todoey */,
			);
		};
/* End PBXProject section */

/* Begin PBXResourcesBuildPhase section */
		DD71DCF8202FB1F300CEA2AF /* Resources */ = {
			isa = PBXResourcesBuildPhase;
			buildActionMask = 2147483647;
			files = (
				DD71DD08202FB1F300CEA2AF /* LaunchScreen.storyboard in Resources */,
				DD71DD05202FB1F300CEA2AF /* Assets.xcassets in Resources */,
				DD71DD03202FB1F300CEA2AF /* Main.storyboard in Resources */,
			);
			runOnlyForDeploymentPostprocessing = 0;
		};
/* End PBXResourcesBuildPhase section */

/* Begin PBXShellScriptBuildPhase section */
		5083B65978B70A8940CE4F56 /* [CP] Copy Pods Resources */ = {
			isa = PBXShellScriptBuildPhase;
			buildActionMask = 2147483647;
			files = (
			);
			inputPaths = (
			);
			name = "[CP] Copy Pods Resources";
			outputPaths = (
			);
			runOnlyForDeploymentPostprocessing = 0;
			shellPath = /bin/sh;
			shellScript = "\"${SRCROOT}/Pods/Target Support Files/Pods-Todoey/Pods-Todoey-resources.sh\"\n";
			showEnvVarsInLog = 0;
		};
		CAF4C2EA3BBF76E53AF397D6 /* [CP] Check Pods Manifest.lock */ = {
			isa = PBXShellScriptBuildPhase;
			buildActionMask = 2147483647;
			files = (
			);
			inputPaths = (
				"${PODS_PODFILE_DIR_PATH}/Podfile.lock",
				"${PODS_ROOT}/Manifest.lock",
			);
			name = "[CP] Check Pods Manifest.lock";
			outputPaths = (
				"$(DERIVED_FILE_DIR)/Pods-Todoey-checkManifestLockResult.txt",
			);
			runOnlyForDeploymentPostprocessing = 0;
			shellPath = /bin/sh;
			shellScript = "diff \"${PODS_PODFILE_DIR_PATH}/Podfile.lock\" \"${PODS_ROOT}/Manifest.lock\" > /dev/null\nif [ $? != 0 ] ; then\n    # print error to STDERR\n    echo \"error: The sandbox is not in sync with the Podfile.lock. Run 'pod install' or update your CocoaPods installation.\" >&2\n    exit 1\nfi\n# This output is used by Xcode 'outputs' to avoid re-running this script phase.\necho \"SUCCESS\" > \"${SCRIPT_OUTPUT_FILE_0}\"\n";
			showEnvVarsInLog = 0;
		};
		DC4B6403F2762EA09763FBB9 /* [CP] Embed Pods Frameworks */ = {
			isa = PBXShellScriptBuildPhase;
			buildActionMask = 2147483647;
			files = (
			);
			inputPaths = (
				"${SRCROOT}/Pods/Target Support Files/Pods-Todoey/Pods-Todoey-frameworks.sh",
				"${BUILT_PRODUCTS_DIR}/ChameleonFramework/ChameleonFramework.framework",
				"${BUILT_PRODUCTS_DIR}/Realm/Realm.framework",
				"${BUILT_PRODUCTS_DIR}/RealmSwift/RealmSwift.framework",
				"${BUILT_PRODUCTS_DIR}/SwipeCellKit/SwipeCellKit.framework",
			);
			name = "[CP] Embed Pods Frameworks";
			outputPaths = (
				"${TARGET_BUILD_DIR}/${FRAMEWORKS_FOLDER_PATH}/ChameleonFramework.framework",
				"${TARGET_BUILD_DIR}/${FRAMEWORKS_FOLDER_PATH}/Realm.framework",
				"${TARGET_BUILD_DIR}/${FRAMEWORKS_FOLDER_PATH}/RealmSwift.framework",
				"${TARGET_BUILD_DIR}/${FRAMEWORKS_FOLDER_PATH}/SwipeCellKit.framework",
			);
			runOnlyForDeploymentPostprocessing = 0;
			shellPath = /bin/sh;
			shellScript = "\"${SRCROOT}/Pods/Target Support Files/Pods-Todoey/Pods-Todoey-frameworks.sh\"\n";
			showEnvVarsInLog = 0;
		};
/* End PBXShellScriptBuildPhase section */

/* Begin PBXSourcesBuildPhase section */
		DD71DCF6202FB1F300CEA2AF /* Sources */ = {
			isa = PBXSourcesBuildPhase;
			buildActionMask = 2147483647;
			files = (
				DDBDB7F220444D6D00D0496A /* Item.swift in Sources */,
				DD95414B2040735B001F3874 /* CategoryViewController.swift in Sources */,
				DD71DD00202FB1F300CEA2AF /* TodoListViewController.swift in Sources */,
				DD71DCFE202FB1F300CEA2AF /* AppDelegate.swift in Sources */,
				DDBDB7F82046ECDA00D0496A /* SwipeTableViewController.swift in Sources */,
				DDBDB7F420444D7700D0496A /* Category.swift in Sources */,
			);
			runOnlyForDeploymentPostprocessing = 0;
		};
/* End PBXSourcesBuildPhase section */

/* Begin PBXVariantGroup section */
		DD71DD01202FB1F300CEA2AF /* Main.storyboard */ = {
			isa = PBXVariantGroup;
			children = (
				DD71DD02202FB1F300CEA2AF /* Base */,
			);
			name = Main.storyboard;
			sourceTree = "<group>";
		};
		DD71DD06202FB1F300CEA2AF /* LaunchScreen.storyboard */ = {
			isa = PBXVariantGroup;
			children = (
				DD71DD07202FB1F300CEA2AF /* Base */,
			);
			name = LaunchScreen.storyboard;
			sourceTree = "<group>";
		};
/* End PBXVariantGroup section */

/* Begin XCBuildConfiguration section */
		DD71DD0A202FB1F300CEA2AF /* Debug */ = {
			isa = XCBuildConfiguration;
			buildSettings = {
				ALWAYS_SEARCH_USER_PATHS = NO;
				CLANG_ANALYZER_NONNULL = YES;
				CLANG_ANALYZER_NUMBER_OBJECT_CONVERSION = YES_AGGRESSIVE;
				CLANG_CXX_LANGUAGE_STANDARD = "gnu++14";
				CLANG_CXX_LIBRARY = "libc++";
				CLANG_ENABLE_MODULES = YES;
				CLANG_ENABLE_OBJC_ARC = YES;
				CLANG_WARN_BLOCK_CAPTURE_AUTORELEASING = YES;
				CLANG_WARN_BOOL_CONVERSION = YES;
				CLANG_WARN_COMMA = YES;
				CLANG_WARN_CONSTANT_CONVERSION = YES;
				CLANG_WARN_DIRECT_OBJC_ISA_USAGE = YES_ERROR;
				CLANG_WARN_DOCUMENTATION_COMMENTS = YES;
				CLANG_WARN_EMPTY_BODY = YES;
				CLANG_WARN_ENUM_CONVERSION = YES;
				CLANG_WARN_INFINITE_RECURSION = YES;
				CLANG_WARN_INT_CONVERSION = YES;
				CLANG_WARN_NON_LITERAL_NULL_CONVERSION = YES;
				CLANG_WARN_OBJC_LITERAL_CONVERSION = YES;
				CLANG_WARN_OBJC_ROOT_CLASS = YES_ERROR;
				CLANG_WARN_RANGE_LOOP_ANALYSIS = YES;
				CLANG_WARN_STRICT_PROTOTYPES = YES;
				CLANG_WARN_SUSPICIOUS_MOVE = YES;
				CLANG_WARN_UNGUARDED_AVAILABILITY = YES_AGGRESSIVE;
				CLANG_WARN_UNREACHABLE_CODE = YES;
				CLANG_WARN__DUPLICATE_METHOD_MATCH = YES;
				CODE_SIGN_IDENTITY = "iPhone Developer";
				COPY_PHASE_STRIP = NO;
				DEBUG_INFORMATION_FORMAT = dwarf;
				ENABLE_STRICT_OBJC_MSGSEND = YES;
				ENABLE_TESTABILITY = YES;
				GCC_C_LANGUAGE_STANDARD = gnu11;
				GCC_DYNAMIC_NO_PIC = NO;
				GCC_NO_COMMON_BLOCKS = YES;
				GCC_OPTIMIZATION_LEVEL = 0;
				GCC_PREPROCESSOR_DEFINITIONS = (
					"DEBUG=1",
					"$(inherited)",
				);
				GCC_WARN_64_TO_32_BIT_CONVERSION = YES;
				GCC_WARN_ABOUT_RETURN_TYPE = YES_ERROR;
				GCC_WARN_UNDECLARED_SELECTOR = YES;
				GCC_WARN_UNINITIALIZED_AUTOS = YES_AGGRESSIVE;
				GCC_WARN_UNUSED_FUNCTION = YES;
				GCC_WARN_UNUSED_VARIABLE = YES;
				IPHONEOS_DEPLOYMENT_TARGET = 11.2;
				MTL_ENABLE_DEBUG_INFO = YES;
				ONLY_ACTIVE_ARCH = YES;
				SDKROOT = iphoneos;
				SWIFT_ACTIVE_COMPILATION_CONDITIONS = DEBUG;
				SWIFT_OPTIMIZATION_LEVEL = "-Onone";
			};
			name = Debug;
		};
		DD71DD0B202FB1F300CEA2AF /* Release */ = {
			isa = XCBuildConfiguration;
			buildSettings = {
				ALWAYS_SEARCH_USER_PATHS = NO;
				CLANG_ANALYZER_NONNULL = YES;
				CLANG_ANALYZER_NUMBER_OBJECT_CONVERSION = YES_AGGRESSIVE;
				CLANG_CXX_LANGUAGE_STANDARD = "gnu++14";
				CLANG_CXX_LIBRARY = "libc++";
				CLANG_ENABLE_MODULES = YES;
				CLANG_ENABLE_OBJC_ARC = YES;
				CLANG_WARN_BLOCK_CAPTURE_AUTORELEASING = YES;
				CLANG_WARN_BOOL_CONVERSION = YES;
				CLANG_WARN_COMMA = YES;
				CLANG_WARN_CONSTANT_CONVERSION = YES;
				CLANG_WARN_DIRECT_OBJC_ISA_USAGE = YES_ERROR;
				CLANG_WARN_DOCUMENTATION_COMMENTS = YES;
				CLANG_WARN_EMPTY_BODY = YES;
				CLANG_WARN_ENUM_CONVERSION = YES;
				CLANG_WARN_INFINITE_RECURSION = YES;
				CLANG_WARN_INT_CONVERSION = YES;
				CLANG_WARN_NON_LITERAL_NULL_CONVERSION = YES;
				CLANG_WARN_OBJC_LITERAL_CONVERSION = YES;
				CLANG_WARN_OBJC_ROOT_CLASS = YES_ERROR;
				CLANG_WARN_RANGE_LOOP_ANALYSIS = YES;
				CLANG_WARN_STRICT_PROTOTYPES = YES;
				CLANG_WARN_SUSPICIOUS_MOVE = YES;
				CLANG_WARN_UNGUARDED_AVAILABILITY = YES_AGGRESSIVE;
				CLANG_WARN_UNREACHABLE_CODE = YES;
				CLANG_WARN__DUPLICATE_METHOD_MATCH = YES;
				CODE_SIGN_IDENTITY = "iPhone Developer";
				COPY_PHASE_STRIP = NO;
				DEBUG_INFORMATION_FORMAT = "dwarf-with-dsym";
				ENABLE_NS_ASSERTIONS = NO;
				ENABLE_STRICT_OBJC_MSGSEND = YES;
				GCC_C_LANGUAGE_STANDARD = gnu11;
				GCC_NO_COMMON_BLOCKS = YES;
				GCC_WARN_64_TO_32_BIT_CONVERSION = YES;
				GCC_WARN_ABOUT_RETURN_TYPE = YES_ERROR;
				GCC_WARN_UNDECLARED_SELECTOR = YES;
				GCC_WARN_UNINITIALIZED_AUTOS = YES_AGGRESSIVE;
				GCC_WARN_UNUSED_FUNCTION = YES;
				GCC_WARN_UNUSED_VARIABLE = YES;
				IPHONEOS_DEPLOYMENT_TARGET = 11.2;
				MTL_ENABLE_DEBUG_INFO = NO;
				SDKROOT = iphoneos;
				SWIFT_OPTIMIZATION_LEVEL = "-Owholemodule";
				VALIDATE_PRODUCT = YES;
			};
			name = Release;
		};
		DD71DD0D202FB1F300CEA2AF /* Debug */ = {
			isa = XCBuildConfiguration;
			baseConfigurationReference = 4B1343A1321F45E3E59B256B /* Pods-Todoey.debug.xcconfig */;
			buildSettings = {
				ASSETCATALOG_COMPILER_APPICON_NAME = AppIcon;
				CODE_SIGN_STYLE = Automatic;
				DEVELOPMENT_TEAM = QDTVPYR6PV;
				INFOPLIST_FILE = Todoey/Info.plist;
				LD_RUNPATH_SEARCH_PATHS = "$(inherited) @executable_path/Frameworks";
				PRODUCT_BUNDLE_IDENTIFIER = com.virakngauv.Todoey;
				PRODUCT_NAME = "$(TARGET_NAME)";
				SWIFT_VERSION = 4.0;
				TARGETED_DEVICE_FAMILY = "1,2";
			};
			name = Debug;
		};
		DD71DD0E202FB1F300CEA2AF /* Release */ = {
			isa = XCBuildConfiguration;
			baseConfigurationReference = 08C9F03B549C6F52D2EF8E4E /* Pods-Todoey.release.xcconfig */;
			buildSettings = {
				ASSETCATALOG_COMPILER_APPICON_NAME = AppIcon;
				CODE_SIGN_STYLE = Automatic;
				DEVELOPMENT_TEAM = QDTVPYR6PV;
				INFOPLIST_FILE = Todoey/Info.plist;
				LD_RUNPATH_SEARCH_PATHS = "$(inherited) @executable_path/Frameworks";
				PRODUCT_BUNDLE_IDENTIFIER = com.virakngauv.Todoey;
				PRODUCT_NAME = "$(TARGET_NAME)";
				SWIFT_VERSION = 4.0;
				TARGETED_DEVICE_FAMILY = "1,2";
			};
			name = Release;
		};
/* End XCBuildConfiguration section */

/* Begin XCConfigurationList section */
		DD71DCF5202FB1F300CEA2AF /* Build configuration list for PBXProject "Todoey" */ = {
			isa = XCConfigurationList;
			buildConfigurations = (
				DD71DD0A202FB1F300CEA2AF /* Debug */,
				DD71DD0B202FB1F300CEA2AF /* Release */,
			);
			defaultConfigurationIsVisible = 0;
			defaultConfigurationName = Release;
		};
		DD71DD0C202FB1F300CEA2AF /* Build configuration list for PBXNativeTarget "Todoey" */ = {
			isa = XCConfigurationList;
			buildConfigurations = (
				DD71DD0D202FB1F300CEA2AF /* Debug */,
				DD71DD0E202FB1F300CEA2AF /* Release */,
			);
			defaultConfigurationIsVisible = 0;
			defaultConfigurationName = Release;
		};
/* End XCConfigurationList section */
	};
	rootObject = DD71DCF2202FB1F300CEA2AF /* Project object */;
}
